// !$*UTF8*$!
{
	archiveVersion = 1;
	classes = {
	};
	objectVersion = 56;
	objects = {

/* Begin PBXBuildFile section */
		6C776610298CB72500A7FB3C /* PostTableViewCell.swift in Sources */ = {isa = PBXBuildFile; fileRef = 6C77660F298CB72500A7FB3C /* PostTableViewCell.swift */; };
		6C81F5EE298FE49B004D11BB /* FirebaseAuth in Frameworks */ = {isa = PBXBuildFile; productRef = 6C81F5ED298FE49B004D11BB /* FirebaseAuth */; };
		6C81F5F0298FE49B004D11BB /* FirebaseAuthCombine-Community in Frameworks */ = {isa = PBXBuildFile; productRef = 6C81F5EF298FE49B004D11BB /* FirebaseAuthCombine-Community */; };
		6C81F5F2298FE49B004D11BB /* FirebaseDatabase in Frameworks */ = {isa = PBXBuildFile; productRef = 6C81F5F1298FE49B004D11BB /* FirebaseDatabase */; };
		6C81F5F4298FE49B004D11BB /* FirebaseDatabaseSwift in Frameworks */ = {isa = PBXBuildFile; productRef = 6C81F5F3298FE49B004D11BB /* FirebaseDatabaseSwift */; };
		6C81F5F6298FE49B004D11BB /* FirebaseFirestore in Frameworks */ = {isa = PBXBuildFile; productRef = 6C81F5F5298FE49B004D11BB /* FirebaseFirestore */; };
		6C81F5F8298FE49B004D11BB /* FirebaseFirestoreCombine-Community in Frameworks */ = {isa = PBXBuildFile; productRef = 6C81F5F7298FE49B004D11BB /* FirebaseFirestoreCombine-Community */; };
		6C81F5FA298FE49B004D11BB /* FirebaseFirestoreSwift in Frameworks */ = {isa = PBXBuildFile; productRef = 6C81F5F9298FE49B004D11BB /* FirebaseFirestoreSwift */; };
		6C81F5FC298FE49B004D11BB /* FirebaseStorage in Frameworks */ = {isa = PBXBuildFile; productRef = 6C81F5FB298FE49B004D11BB /* FirebaseStorage */; };
		6C81F5FE298FE49B004D11BB /* FirebaseStorageCombine-Community in Frameworks */ = {isa = PBXBuildFile; productRef = 6C81F5FD298FE49B004D11BB /* FirebaseStorageCombine-Community */; };
		6C81F601298FE761004D11BB /* OnboardingViewController.swift in Sources */ = {isa = PBXBuildFile; fileRef = 6C81F600298FE761004D11BB /* OnboardingViewController.swift */; };
		6CAE3480298FCF2000D66B78 /* GoogleService-Info.plist in Resources */ = {isa = PBXBuildFile; fileRef = 6CAE347F298FCF2000D66B78 /* GoogleService-Info.plist */; };
		6CC438D72990B95E00049E48 /* RegisterViewController.swift in Sources */ = {isa = PBXBuildFile; fileRef = 6CC438D62990B95E00049E48 /* RegisterViewController.swift */; };
		6CC438D92990DC9F00049E48 /* AuthViewViewModel.swift in Sources */ = {isa = PBXBuildFile; fileRef = 6CC438D82990DC9F00049E48 /* AuthViewViewModel.swift */; };
		6CC438DC2990E8AA00049E48 /* AuthManager.swift in Sources */ = {isa = PBXBuildFile; fileRef = 6CC438DB2990E8AA00049E48 /* AuthManager.swift */; };
		6CC438DE299133BD00049E48 /* LoginViewController.swift in Sources */ = {isa = PBXBuildFile; fileRef = 6CC438DD299133BC00049E48 /* LoginViewController.swift */; };
		6CC438E22991700700049E48 /* HomeHeaderView.swift in Sources */ = {isa = PBXBuildFile; fileRef = 6CC438E12991700700049E48 /* HomeHeaderView.swift */; };
		6CC7FB01298928AA009CCB33 /* AppDelegate.swift in Sources */ = {isa = PBXBuildFile; fileRef = 6CC7FB00298928AA009CCB33 /* AppDelegate.swift */; };
		6CC7FB03298928AA009CCB33 /* SceneDelegate.swift in Sources */ = {isa = PBXBuildFile; fileRef = 6CC7FB02298928AA009CCB33 /* SceneDelegate.swift */; };
		6CC7FB05298928AA009CCB33 /* MainTabBarController.swift in Sources */ = {isa = PBXBuildFile; fileRef = 6CC7FB04298928AA009CCB33 /* MainTabBarController.swift */; };
		6CC7FB0A298928AC009CCB33 /* Assets.xcassets in Resources */ = {isa = PBXBuildFile; fileRef = 6CC7FB09298928AC009CCB33 /* Assets.xcassets */; };
		6CC7FB0D298928AC009CCB33 /* LaunchScreen.storyboard in Resources */ = {isa = PBXBuildFile; fileRef = 6CC7FB0B298928AC009CCB33 /* LaunchScreen.storyboard */; };
		6CC7FB1D29892AE5009CCB33 /* HomeViewController.swift in Sources */ = {isa = PBXBuildFile; fileRef = 6CC7FB1C29892AE5009CCB33 /* HomeViewController.swift */; };
		6CC7FB2029892B1D009CCB33 /* SearchViewController.swift in Sources */ = {isa = PBXBuildFile; fileRef = 6CC7FB1F29892B1D009CCB33 /* SearchViewController.swift */; };
		6CC7FB2229892B2B009CCB33 /* MessagesViewController.swift in Sources */ = {isa = PBXBuildFile; fileRef = 6CC7FB2129892B2B009CCB33 /* MessagesViewController.swift */; };
		6CC7FB2529892B80009CCB33 /* NotificationsViewController.swift in Sources */ = {isa = PBXBuildFile; fileRef = 6CC7FB2429892B80009CCB33 /* NotificationsViewController.swift */; };
		6CC9EBD9299239E4004409ED /* UserAccount.swift in Sources */ = {isa = PBXBuildFile; fileRef = 6CC9EBD8299239E4004409ED /* UserAccount.swift */; };
		6CC9EBDB29923B47004409ED /* DatabaseManager.swift in Sources */ = {isa = PBXBuildFile; fileRef = 6CC9EBDA29923B47004409ED /* DatabaseManager.swift */; };
		6CC9EBDD29924CDC004409ED /* HomeViewViewModel.swift in Sources */ = {isa = PBXBuildFile; fileRef = 6CC9EBDC29924CDC004409ED /* HomeViewViewModel.swift */; };
		6CC9EBDF2992516E004409ED /* ProfileDataViewController.swift in Sources */ = {isa = PBXBuildFile; fileRef = 6CC9EBDE2992516E004409ED /* ProfileDataViewController.swift */; };
		6CC9EBE129929979004409ED /* ProfileDataViewViewModel.swift in Sources */ = {isa = PBXBuildFile; fileRef = 6CC9EBE029929979004409ED /* ProfileDataViewViewModel.swift */; };
		6CC9EBE32992A203004409ED /* CustomTextfield.swift in Sources */ = {isa = PBXBuildFile; fileRef = 6CC9EBE22992A203004409ED /* CustomTextfield.swift */; };
		6CCB5F2A29936CBF00EA5E5C /* CustomTextView.swift in Sources */ = {isa = PBXBuildFile; fileRef = 6CCB5F2929936CBF00EA5E5C /* CustomTextView.swift */; };
		6CCB5F2C29937D0500EA5E5C /* CustomOvalButton.swift in Sources */ = {isa = PBXBuildFile; fileRef = 6CCB5F2B29937D0500EA5E5C /* CustomOvalButton.swift */; };
		6CCB5F2E29939C4F00EA5E5C /* CustomCircleImageView.swift in Sources */ = {isa = PBXBuildFile; fileRef = 6CCB5F2D29939C4F00EA5E5C /* CustomCircleImageView.swift */; };
		6CCC63B1298E4E9E00D940BF /* ProfileViewController.swift in Sources */ = {isa = PBXBuildFile; fileRef = 6CCC63B0298E4E9E00D940BF /* ProfileViewController.swift */; };
		6CCC63B3298E6DB000D940BF /* ProfileHeaderView.swift in Sources */ = {isa = PBXBuildFile; fileRef = 6CCC63B2298E6DB000D940BF /* ProfileHeaderView.swift */; };
/* End PBXBuildFile section */

/* Begin PBXFileReference section */
		6C77660F298CB72500A7FB3C /* PostTableViewCell.swift */ = {isa = PBXFileReference; lastKnownFileType = sourcecode.swift; path = PostTableViewCell.swift; sourceTree = "<group>"; };
		6C81F600298FE761004D11BB /* OnboardingViewController.swift */ = {isa = PBXFileReference; lastKnownFileType = sourcecode.swift; path = OnboardingViewController.swift; sourceTree = "<group>"; };
		6CAE347F298FCF2000D66B78 /* GoogleService-Info.plist */ = {isa = PBXFileReference; fileEncoding = 4; lastKnownFileType = text.plist.xml; path = "GoogleService-Info.plist"; sourceTree = "<group>"; };
		6CC438D62990B95E00049E48 /* RegisterViewController.swift */ = {isa = PBXFileReference; lastKnownFileType = sourcecode.swift; path = RegisterViewController.swift; sourceTree = "<group>"; };
		6CC438D82990DC9F00049E48 /* AuthViewViewModel.swift */ = {isa = PBXFileReference; lastKnownFileType = sourcecode.swift; path = AuthViewViewModel.swift; sourceTree = "<group>"; };
		6CC438DB2990E8AA00049E48 /* AuthManager.swift */ = {isa = PBXFileReference; lastKnownFileType = sourcecode.swift; path = AuthManager.swift; sourceTree = "<group>"; };
		6CC438DD299133BC00049E48 /* LoginViewController.swift */ = {isa = PBXFileReference; lastKnownFileType = sourcecode.swift; path = LoginViewController.swift; sourceTree = "<group>"; };
		6CC438E12991700700049E48 /* HomeHeaderView.swift */ = {isa = PBXFileReference; lastKnownFileType = sourcecode.swift; path = HomeHeaderView.swift; sourceTree = "<group>"; };
		6CC7FAFD298928AA009CCB33 /* socialmedia_swift.app */ = {isa = PBXFileReference; explicitFileType = wrapper.application; includeInIndex = 0; path = socialmedia_swift.app; sourceTree = BUILT_PRODUCTS_DIR; };
		6CC7FB00298928AA009CCB33 /* AppDelegate.swift */ = {isa = PBXFileReference; lastKnownFileType = sourcecode.swift; path = AppDelegate.swift; sourceTree = "<group>"; };
		6CC7FB02298928AA009CCB33 /* SceneDelegate.swift */ = {isa = PBXFileReference; lastKnownFileType = sourcecode.swift; path = SceneDelegate.swift; sourceTree = "<group>"; };
		6CC7FB04298928AA009CCB33 /* MainTabBarController.swift */ = {isa = PBXFileReference; lastKnownFileType = sourcecode.swift; path = MainTabBarController.swift; sourceTree = "<group>"; };
		6CC7FB09298928AC009CCB33 /* Assets.xcassets */ = {isa = PBXFileReference; lastKnownFileType = folder.assetcatalog; path = Assets.xcassets; sourceTree = "<group>"; };
		6CC7FB0C298928AC009CCB33 /* Base */ = {isa = PBXFileReference; lastKnownFileType = file.storyboard; name = Base; path = Base.lproj/LaunchScreen.storyboard; sourceTree = "<group>"; };
		6CC7FB0E298928AC009CCB33 /* Info.plist */ = {isa = PBXFileReference; lastKnownFileType = text.plist.xml; path = Info.plist; sourceTree = "<group>"; };
		6CC7FB1C29892AE5009CCB33 /* HomeViewController.swift */ = {isa = PBXFileReference; lastKnownFileType = sourcecode.swift; path = HomeViewController.swift; sourceTree = "<group>"; };
		6CC7FB1F29892B1D009CCB33 /* SearchViewController.swift */ = {isa = PBXFileReference; lastKnownFileType = sourcecode.swift; path = SearchViewController.swift; sourceTree = "<group>"; };
		6CC7FB2129892B2B009CCB33 /* MessagesViewController.swift */ = {isa = PBXFileReference; lastKnownFileType = sourcecode.swift; path = MessagesViewController.swift; sourceTree = "<group>"; };
		6CC7FB2429892B80009CCB33 /* NotificationsViewController.swift */ = {isa = PBXFileReference; lastKnownFileType = sourcecode.swift; path = NotificationsViewController.swift; sourceTree = "<group>"; };
		6CC9EBD8299239E4004409ED /* UserAccount.swift */ = {isa = PBXFileReference; lastKnownFileType = sourcecode.swift; path = UserAccount.swift; sourceTree = "<group>"; };
		6CC9EBDA29923B47004409ED /* DatabaseManager.swift */ = {isa = PBXFileReference; lastKnownFileType = sourcecode.swift; path = DatabaseManager.swift; sourceTree = "<group>"; };
		6CC9EBDC29924CDC004409ED /* HomeViewViewModel.swift */ = {isa = PBXFileReference; lastKnownFileType = sourcecode.swift; path = HomeViewViewModel.swift; sourceTree = "<group>"; };
		6CC9EBDE2992516E004409ED /* ProfileDataViewController.swift */ = {isa = PBXFileReference; lastKnownFileType = sourcecode.swift; path = ProfileDataViewController.swift; sourceTree = "<group>"; };
		6CC9EBE029929979004409ED /* ProfileDataViewViewModel.swift */ = {isa = PBXFileReference; lastKnownFileType = sourcecode.swift; path = ProfileDataViewViewModel.swift; sourceTree = "<group>"; };
		6CC9EBE22992A203004409ED /* CustomTextfield.swift */ = {isa = PBXFileReference; lastKnownFileType = sourcecode.swift; path = CustomTextfield.swift; sourceTree = "<group>"; };
		6CCB5F2929936CBF00EA5E5C /* CustomTextView.swift */ = {isa = PBXFileReference; lastKnownFileType = sourcecode.swift; path = CustomTextView.swift; sourceTree = "<group>"; };
		6CCB5F2B29937D0500EA5E5C /* CustomOvalButton.swift */ = {isa = PBXFileReference; lastKnownFileType = sourcecode.swift; path = CustomOvalButton.swift; sourceTree = "<group>"; };
		6CCB5F2D29939C4F00EA5E5C /* CustomCircleImageView.swift */ = {isa = PBXFileReference; lastKnownFileType = sourcecode.swift; path = CustomCircleImageView.swift; sourceTree = "<group>"; };
		6CCC63B0298E4E9E00D940BF /* ProfileViewController.swift */ = {isa = PBXFileReference; lastKnownFileType = sourcecode.swift; path = ProfileViewController.swift; sourceTree = "<group>"; };
		6CCC63B2298E6DB000D940BF /* ProfileHeaderView.swift */ = {isa = PBXFileReference; lastKnownFileType = sourcecode.swift; path = ProfileHeaderView.swift; sourceTree = "<group>"; };
/* End PBXFileReference section */

/* Begin PBXFrameworksBuildPhase section */
		6CC7FAFA298928AA009CCB33 /* Frameworks */ = {
			isa = PBXFrameworksBuildPhase;
			buildActionMask = 2147483647;
			files = (
				6C81F5F4298FE49B004D11BB /* FirebaseDatabaseSwift in Frameworks */,
				6C81F5F2298FE49B004D11BB /* FirebaseDatabase in Frameworks */,
				6C81F5EE298FE49B004D11BB /* FirebaseAuth in Frameworks */,
				6C81F5FA298FE49B004D11BB /* FirebaseFirestoreSwift in Frameworks */,
				6C81F5F8298FE49B004D11BB /* FirebaseFirestoreCombine-Community in Frameworks */,
				6C81F5FC298FE49B004D11BB /* FirebaseStorage in Frameworks */,
				6C81F5F6298FE49B004D11BB /* FirebaseFirestore in Frameworks */,
				6C81F5FE298FE49B004D11BB /* FirebaseStorageCombine-Community in Frameworks */,
				6C81F5F0298FE49B004D11BB /* FirebaseAuthCombine-Community in Frameworks */,
			);
			runOnlyForDeploymentPostprocessing = 0;
		};
/* End PBXFrameworksBuildPhase section */

/* Begin PBXGroup section */
		6C81F5FF298FE749004D11BB /* Onboarding */ = {
			isa = PBXGroup;
			children = (
				6C81F600298FE761004D11BB /* OnboardingViewController.swift */,
				6CC438D62990B95E00049E48 /* RegisterViewController.swift */,
				6CC438DD299133BC00049E48 /* LoginViewController.swift */,
			);
			path = Onboarding;
			sourceTree = "<group>";
		};
		6CC7FAF4298928AA009CCB33 = {
			isa = PBXGroup;
			children = (
				6CC7FAFF298928AA009CCB33 /* socialmedia_swift */,
				6CC7FAFE298928AA009CCB33 /* Products */,
			);
			sourceTree = "<group>";
		};
		6CC7FAFE298928AA009CCB33 /* Products */ = {
			isa = PBXGroup;
			children = (
				6CC7FAFD298928AA009CCB33 /* socialmedia_swift.app */,
			);
			name = Products;
			sourceTree = "<group>";
		};
		6CC7FAFF298928AA009CCB33 /* socialmedia_swift */ = {
			isa = PBXGroup;
			children = (
				6CC7FB1829892A98009CCB33 /* Resources */,
				6CC7FB1929892A9E009CCB33 /* Managers */,
				6CC7FB1529892A7B009CCB33 /* Models */,
				6CC7FB1729892A8D009CCB33 /* Views */,
				6CC7FB1629892A84009CCB33 /* ViewModels */,
				6CC7FB1429892A6F009CCB33 /* Controllers */,
				6CC7FB00298928AA009CCB33 /* AppDelegate.swift */,
				6CC7FB02298928AA009CCB33 /* SceneDelegate.swift */,
				6CC7FB09298928AC009CCB33 /* Assets.xcassets */,
				6CC7FB0B298928AC009CCB33 /* LaunchScreen.storyboard */,
				6CC7FB0E298928AC009CCB33 /* Info.plist */,
				6CAE347F298FCF2000D66B78 /* GoogleService-Info.plist */,
			);
			path = socialmedia_swift;
			sourceTree = "<group>";
		};
		6CC7FB1429892A6F009CCB33 /* Controllers */ = {
			isa = PBXGroup;
			children = (
				6C81F5FF298FE749004D11BB /* Onboarding */,
				6CC7FB1A29892AAF009CCB33 /* MainTab */,
				6CCC63AF298E4E5F00D940BF /* Frames */,
			);
			path = Controllers;
			sourceTree = "<group>";
		};
		6CC7FB1529892A7B009CCB33 /* Models */ = {
			isa = PBXGroup;
			children = (
				6CC9EBD8299239E4004409ED /* UserAccount.swift */,
			);
			path = Models;
			sourceTree = "<group>";
		};
		6CC7FB1629892A84009CCB33 /* ViewModels */ = {
			isa = PBXGroup;
			children = (
				6CC438D82990DC9F00049E48 /* AuthViewViewModel.swift */,
				6CC9EBDC29924CDC004409ED /* HomeViewViewModel.swift */,
				6CC9EBE029929979004409ED /* ProfileDataViewViewModel.swift */,
			);
			path = ViewModels;
			sourceTree = "<group>";
		};
		6CC7FB1729892A8D009CCB33 /* Views */ = {
			isa = PBXGroup;
			children = (
				6C77660F298CB72500A7FB3C /* PostTableViewCell.swift */,
				6CCC63B2298E6DB000D940BF /* ProfileHeaderView.swift */,
				6CC438E12991700700049E48 /* HomeHeaderView.swift */,
				6CC9EBE22992A203004409ED /* CustomTextfield.swift */,
				6CCB5F2929936CBF00EA5E5C /* CustomTextView.swift */,
				6CCB5F2B29937D0500EA5E5C /* CustomOvalButton.swift */,
				6CCB5F2D29939C4F00EA5E5C /* CustomCircleImageView.swift */,
			);
			path = Views;
			sourceTree = "<group>";
		};
		6CC7FB1829892A98009CCB33 /* Resources */ = {
			isa = PBXGroup;
			children = (
			);
			path = Resources;
			sourceTree = "<group>";
		};
		6CC7FB1929892A9E009CCB33 /* Managers */ = {
			isa = PBXGroup;
			children = (
				6CC438DB2990E8AA00049E48 /* AuthManager.swift */,
				6CC9EBDA29923B47004409ED /* DatabaseManager.swift */,
			);
			path = Managers;
			sourceTree = "<group>";
		};
		6CC7FB1A29892AAF009CCB33 /* MainTab */ = {
			isa = PBXGroup;
			children = (
				6CC7FB1E29892AFA009CCB33 /* TabController */,
				6CC7FB1B29892ABB009CCB33 /* Tabs */,
			);
			path = MainTab;
			sourceTree = "<group>";
		};
		6CC7FB1B29892ABB009CCB33 /* Tabs */ = {
			isa = PBXGroup;
			children = (
				6CC7FB1C29892AE5009CCB33 /* HomeViewController.swift */,
				6CC7FB1F29892B1D009CCB33 /* SearchViewController.swift */,
				6CC7FB2129892B2B009CCB33 /* MessagesViewController.swift */,
				6CC7FB2429892B80009CCB33 /* NotificationsViewController.swift */,
			);
			path = Tabs;
			sourceTree = "<group>";
		};
		6CC7FB1E29892AFA009CCB33 /* TabController */ = {
			isa = PBXGroup;
			children = (
				6CC7FB04298928AA009CCB33 /* MainTabBarController.swift */,
			);
			path = TabController;
			sourceTree = "<group>";
		};
		6CCC63AF298E4E5F00D940BF /* Frames */ = {
			isa = PBXGroup;
			children = (
				6CCC63B0298E4E9E00D940BF /* ProfileViewController.swift */,
				6CC9EBDE2992516E004409ED /* ProfileDataViewController.swift */,
			);
			path = Frames;
			sourceTree = "<group>";
		};
/* End PBXGroup section */

/* Begin PBXNativeTarget section */
		6CC7FAFC298928AA009CCB33 /* socialmedia_swift */ = {
			isa = PBXNativeTarget;
			buildConfigurationList = 6CC7FB11298928AC009CCB33 /* Build configuration list for PBXNativeTarget "socialmedia_swift" */;
			buildPhases = (
				6CC7FAF9298928AA009CCB33 /* Sources */,
				6CC7FAFA298928AA009CCB33 /* Frameworks */,
				6CC7FAFB298928AA009CCB33 /* Resources */,
			);
			buildRules = (
			);
			dependencies = (
			);
			name = socialmedia_swift;
			packageProductDependencies = (
				6C81F5ED298FE49B004D11BB /* FirebaseAuth */,
				6C81F5EF298FE49B004D11BB /* FirebaseAuthCombine-Community */,
				6C81F5F1298FE49B004D11BB /* FirebaseDatabase */,
				6C81F5F3298FE49B004D11BB /* FirebaseDatabaseSwift */,
				6C81F5F5298FE49B004D11BB /* FirebaseFirestore */,
				6C81F5F7298FE49B004D11BB /* FirebaseFirestoreCombine-Community */,
				6C81F5F9298FE49B004D11BB /* FirebaseFirestoreSwift */,
				6C81F5FB298FE49B004D11BB /* FirebaseStorage */,
				6C81F5FD298FE49B004D11BB /* FirebaseStorageCombine-Community */,
			);
			productName = twitterclone_swift;
			productReference = 6CC7FAFD298928AA009CCB33 /* socialmedia_swift.app */;
			productType = "com.apple.product-type.application";
		};
/* End PBXNativeTarget section */

/* Begin PBXProject section */
		6CC7FAF5298928AA009CCB33 /* Project object */ = {
			isa = PBXProject;
			attributes = {
				BuildIndependentTargetsInParallel = 1;
				LastSwiftUpdateCheck = 1420;
				LastUpgradeCheck = 1420;
				TargetAttributes = {
					6CC7FAFC298928AA009CCB33 = {
						CreatedOnToolsVersion = 14.2;
					};
				};
			};
			buildConfigurationList = 6CC7FAF8298928AA009CCB33 /* Build configuration list for PBXProject "socialmedia_swift" */;
			compatibilityVersion = "Xcode 14.0";
			developmentRegion = en;
			hasScannedForEncodings = 0;
			knownRegions = (
				en,
				Base,
			);
			mainGroup = 6CC7FAF4298928AA009CCB33;
			packageReferences = (
				6C81F5EC298FE49B004D11BB /* XCRemoteSwiftPackageReference "firebase-ios-sdk" */,
			);
			productRefGroup = 6CC7FAFE298928AA009CCB33 /* Products */;
			projectDirPath = "";
			projectRoot = "";
			targets = (
				6CC7FAFC298928AA009CCB33 /* socialmedia_swift */,
			);
		};
/* End PBXProject section */

/* Begin PBXResourcesBuildPhase section */
		6CC7FAFB298928AA009CCB33 /* Resources */ = {
			isa = PBXResourcesBuildPhase;
			buildActionMask = 2147483647;
			files = (
				6CC7FB0D298928AC009CCB33 /* LaunchScreen.storyboard in Resources */,
				6CC7FB0A298928AC009CCB33 /* Assets.xcassets in Resources */,
				6CAE3480298FCF2000D66B78 /* GoogleService-Info.plist in Resources */,
			);
			runOnlyForDeploymentPostprocessing = 0;
		};
/* End PBXResourcesBuildPhase section */

/* Begin PBXSourcesBuildPhase section */
		6CC7FAF9298928AA009CCB33 /* Sources */ = {
			isa = PBXSourcesBuildPhase;
			buildActionMask = 2147483647;
			files = (
				6CC7FB2229892B2B009CCB33 /* MessagesViewController.swift in Sources */,
				6CC438DC2990E8AA00049E48 /* AuthManager.swift in Sources */,
				6CC7FB2029892B1D009CCB33 /* SearchViewController.swift in Sources */,
				6CC438DE299133BD00049E48 /* LoginViewController.swift in Sources */,
				6CC7FB05298928AA009CCB33 /* MainTabBarController.swift in Sources */,
				6CC438D72990B95E00049E48 /* RegisterViewController.swift in Sources */,
				6CC9EBE129929979004409ED /* ProfileDataViewViewModel.swift in Sources */,
				6CC9EBE32992A203004409ED /* CustomTextfield.swift in Sources */,
				6C776610298CB72500A7FB3C /* PostTableViewCell.swift in Sources */,
				6CC9EBD9299239E4004409ED /* UserAccount.swift in Sources */,
				6CC9EBDF2992516E004409ED /* ProfileDataViewController.swift in Sources */,
				6CC9EBDB29923B47004409ED /* DatabaseManager.swift in Sources */,
				6CC7FB01298928AA009CCB33 /* AppDelegate.swift in Sources */,
				6CC7FB03298928AA009CCB33 /* SceneDelegate.swift in Sources */,
				6CC438D92990DC9F00049E48 /* AuthViewViewModel.swift in Sources */,
				6CCC63B1298E4E9E00D940BF /* ProfileViewController.swift in Sources */,
				6CCC63B3298E6DB000D940BF /* ProfileHeaderView.swift in Sources */,
				6CC438E22991700700049E48 /* HomeHeaderView.swift in Sources */,
				6CC7FB2529892B80009CCB33 /* NotificationsViewController.swift in Sources */,
				6C81F601298FE761004D11BB /* OnboardingViewController.swift in Sources */,
				6CCB5F2E29939C4F00EA5E5C /* CustomCircleImageView.swift in Sources */,
				6CCB5F2C29937D0500EA5E5C /* CustomOvalButton.swift in Sources */,
				6CCB5F2A29936CBF00EA5E5C /* CustomTextView.swift in Sources */,
				6CC7FB1D29892AE5009CCB33 /* HomeViewController.swift in Sources */,
				6CC9EBDD29924CDC004409ED /* HomeViewViewModel.swift in Sources */,
			);
			runOnlyForDeploymentPostprocessing = 0;
		};
/* End PBXSourcesBuildPhase section */

/* Begin PBXVariantGroup section */
		6CC7FB0B298928AC009CCB33 /* LaunchScreen.storyboard */ = {
			isa = PBXVariantGroup;
			children = (
				6CC7FB0C298928AC009CCB33 /* Base */,
			);
			name = LaunchScreen.storyboard;
			sourceTree = "<group>";
		};
/* End PBXVariantGroup section */

/* Begin XCBuildConfiguration section */
		6CC7FB0F298928AC009CCB33 /* Debug */ = {
			isa = XCBuildConfiguration;
			buildSettings = {
				ALWAYS_SEARCH_USER_PATHS = NO;
				CLANG_ANALYZER_NONNULL = YES;
				CLANG_ANALYZER_NUMBER_OBJECT_CONVERSION = YES_AGGRESSIVE;
				CLANG_CXX_LANGUAGE_STANDARD = "gnu++20";
				CLANG_ENABLE_MODULES = YES;
				CLANG_ENABLE_OBJC_ARC = YES;
				CLANG_ENABLE_OBJC_WEAK = YES;
				CLANG_WARN_BLOCK_CAPTURE_AUTORELEASING = YES;
				CLANG_WARN_BOOL_CONVERSION = YES;
				CLANG_WARN_COMMA = YES;
				CLANG_WARN_CONSTANT_CONVERSION = YES;
				CLANG_WARN_DEPRECATED_OBJC_IMPLEMENTATIONS = YES;
				CLANG_WARN_DIRECT_OBJC_ISA_USAGE = YES_ERROR;
				CLANG_WARN_DOCUMENTATION_COMMENTS = YES;
				CLANG_WARN_EMPTY_BODY = YES;
				CLANG_WARN_ENUM_CONVERSION = YES;
				CLANG_WARN_INFINITE_RECURSION = YES;
				CLANG_WARN_INT_CONVERSION = YES;
				CLANG_WARN_NON_LITERAL_NULL_CONVERSION = YES;
				CLANG_WARN_OBJC_IMPLICIT_RETAIN_SELF = YES;
				CLANG_WARN_OBJC_LITERAL_CONVERSION = YES;
				CLANG_WARN_OBJC_ROOT_CLASS = YES_ERROR;
				CLANG_WARN_QUOTED_INCLUDE_IN_FRAMEWORK_HEADER = YES;
				CLANG_WARN_RANGE_LOOP_ANALYSIS = YES;
				CLANG_WARN_STRICT_PROTOTYPES = YES;
				CLANG_WARN_SUSPICIOUS_MOVE = YES;
				CLANG_WARN_UNGUARDED_AVAILABILITY = YES_AGGRESSIVE;
				CLANG_WARN_UNREACHABLE_CODE = YES;
				CLANG_WARN__DUPLICATE_METHOD_MATCH = YES;
				COPY_PHASE_STRIP = NO;
				DEBUG_INFORMATION_FORMAT = dwarf;
				ENABLE_STRICT_OBJC_MSGSEND = YES;
				ENABLE_TESTABILITY = YES;
				GCC_C_LANGUAGE_STANDARD = gnu11;
				GCC_DYNAMIC_NO_PIC = NO;
				GCC_NO_COMMON_BLOCKS = YES;
				GCC_OPTIMIZATION_LEVEL = 0;
				GCC_PREPROCESSOR_DEFINITIONS = (
					"DEBUG=1",
					"$(inherited)",
				);
				GCC_WARN_64_TO_32_BIT_CONVERSION = YES;
				GCC_WARN_ABOUT_RETURN_TYPE = YES_ERROR;
				GCC_WARN_UNDECLARED_SELECTOR = YES;
				GCC_WARN_UNINITIALIZED_AUTOS = YES_AGGRESSIVE;
				GCC_WARN_UNUSED_FUNCTION = YES;
				GCC_WARN_UNUSED_VARIABLE = YES;
				IPHONEOS_DEPLOYMENT_TARGET = 16.2;
				MTL_ENABLE_DEBUG_INFO = INCLUDE_SOURCE;
				MTL_FAST_MATH = YES;
				ONLY_ACTIVE_ARCH = YES;
				SDKROOT = iphoneos;
				SWIFT_ACTIVE_COMPILATION_CONDITIONS = DEBUG;
				SWIFT_OPTIMIZATION_LEVEL = "-Onone";
			};
			name = Debug;
		};
		6CC7FB10298928AC009CCB33 /* Release */ = {
			isa = XCBuildConfiguration;
			buildSettings = {
				ALWAYS_SEARCH_USER_PATHS = NO;
				CLANG_ANALYZER_NONNULL = YES;
				CLANG_ANALYZER_NUMBER_OBJECT_CONVERSION = YES_AGGRESSIVE;
				CLANG_CXX_LANGUAGE_STANDARD = "gnu++20";
				CLANG_ENABLE_MODULES = YES;
				CLANG_ENABLE_OBJC_ARC = YES;
				CLANG_ENABLE_OBJC_WEAK = YES;
				CLANG_WARN_BLOCK_CAPTURE_AUTORELEASING = YES;
				CLANG_WARN_BOOL_CONVERSION = YES;
				CLANG_WARN_COMMA = YES;
				CLANG_WARN_CONSTANT_CONVERSION = YES;
				CLANG_WARN_DEPRECATED_OBJC_IMPLEMENTATIONS = YES;
				CLANG_WARN_DIRECT_OBJC_ISA_USAGE = YES_ERROR;
				CLANG_WARN_DOCUMENTATION_COMMENTS = YES;
				CLANG_WARN_EMPTY_BODY = YES;
				CLANG_WARN_ENUM_CONVERSION = YES;
				CLANG_WARN_INFINITE_RECURSION = YES;
				CLANG_WARN_INT_CONVERSION = YES;
				CLANG_WARN_NON_LITERAL_NULL_CONVERSION = YES;
				CLANG_WARN_OBJC_IMPLICIT_RETAIN_SELF = YES;
				CLANG_WARN_OBJC_LITERAL_CONVERSION = YES;
				CLANG_WARN_OBJC_ROOT_CLASS = YES_ERROR;
				CLANG_WARN_QUOTED_INCLUDE_IN_FRAMEWORK_HEADER = YES;
				CLANG_WARN_RANGE_LOOP_ANALYSIS = YES;
				CLANG_WARN_STRICT_PROTOTYPES = YES;
				CLANG_WARN_SUSPICIOUS_MOVE = YES;
				CLANG_WARN_UNGUARDED_AVAILABILITY = YES_AGGRESSIVE;
				CLANG_WARN_UNREACHABLE_CODE = YES;
				CLANG_WARN__DUPLICATE_METHOD_MATCH = YES;
				COPY_PHASE_STRIP = NO;
				DEBUG_INFORMATION_FORMAT = "dwarf-with-dsym";
				ENABLE_NS_ASSERTIONS = NO;
				ENABLE_STRICT_OBJC_MSGSEND = YES;
				GCC_C_LANGUAGE_STANDARD = gnu11;
				GCC_NO_COMMON_BLOCKS = YES;
				GCC_WARN_64_TO_32_BIT_CONVERSION = YES;
				GCC_WARN_ABOUT_RETURN_TYPE = YES_ERROR;
				GCC_WARN_UNDECLARED_SELECTOR = YES;
				GCC_WARN_UNINITIALIZED_AUTOS = YES_AGGRESSIVE;
				GCC_WARN_UNUSED_FUNCTION = YES;
				GCC_WARN_UNUSED_VARIABLE = YES;
				IPHONEOS_DEPLOYMENT_TARGET = 16.2;
				MTL_ENABLE_DEBUG_INFO = NO;
				MTL_FAST_MATH = YES;
				SDKROOT = iphoneos;
				SWIFT_COMPILATION_MODE = wholemodule;
				SWIFT_OPTIMIZATION_LEVEL = "-O";
				VALIDATE_PRODUCT = YES;
			};
			name = Release;
		};
		6CC7FB12298928AC009CCB33 /* Debug */ = {
			isa = XCBuildConfiguration;
			buildSettings = {
				ASSETCATALOG_COMPILER_APPICON_NAME = AppIcon;
				ASSETCATALOG_COMPILER_GLOBAL_ACCENT_COLOR_NAME = AccentColor;
				CODE_SIGN_STYLE = Automatic;
				CURRENT_PROJECT_VERSION = 1;
				DEVELOPMENT_TEAM = S9R6HFZ747;
				GENERATE_INFOPLIST_FILE = YES;
				INFOPLIST_FILE = socialmedia_swift/Info.plist;
				INFOPLIST_KEY_UIApplicationSupportsIndirectInputEvents = YES;
				INFOPLIST_KEY_UILaunchStoryboardName = LaunchScreen;
				INFOPLIST_KEY_UISupportedInterfaceOrientations_iPad = "UIInterfaceOrientationPortrait UIInterfaceOrientationPortraitUpsideDown UIInterfaceOrientationLandscapeLeft UIInterfaceOrientationLandscapeRight";
				INFOPLIST_KEY_UISupportedInterfaceOrientations_iPhone = "UIInterfaceOrientationPortrait UIInterfaceOrientationLandscapeLeft UIInterfaceOrientationLandscapeRight";
				LD_RUNPATH_SEARCH_PATHS = (
					"$(inherited)",
					"@executable_path/Frameworks",
				);
				MARKETING_VERSION = 1.0;
				PRODUCT_BUNDLE_IDENTIFIER = "com.Jobie.socialmedia-swift";
				PRODUCT_NAME = "$(TARGET_NAME)";
				SWIFT_EMIT_LOC_STRINGS = YES;
				SWIFT_VERSION = 5.0;
				TARGETED_DEVICE_FAMILY = "1,2";
			};
			name = Debug;
		};
		6CC7FB13298928AC009CCB33 /* Release */ = {
			isa = XCBuildConfiguration;
			buildSettings = {
				ASSETCATALOG_COMPILER_APPICON_NAME = AppIcon;
				ASSETCATALOG_COMPILER_GLOBAL_ACCENT_COLOR_NAME = AccentColor;
				CODE_SIGN_STYLE = Automatic;
				CURRENT_PROJECT_VERSION = 1;
				DEVELOPMENT_TEAM = S9R6HFZ747;
				GENERATE_INFOPLIST_FILE = YES;
				INFOPLIST_FILE = socialmedia_swift/Info.plist;
				INFOPLIST_KEY_UIApplicationSupportsIndirectInputEvents = YES;
				INFOPLIST_KEY_UILaunchStoryboardName = LaunchScreen;
				INFOPLIST_KEY_UISupportedInterfaceOrientations_iPad = "UIInterfaceOrientationPortrait UIInterfaceOrientationPortraitUpsideDown UIInterfaceOrientationLandscapeLeft UIInterfaceOrientationLandscapeRight";
				INFOPLIST_KEY_UISupportedInterfaceOrientations_iPhone = "UIInterfaceOrientationPortrait UIInterfaceOrientationLandscapeLeft UIInterfaceOrientationLandscapeRight";
				LD_RUNPATH_SEARCH_PATHS = (
					"$(inherited)",
					"@executable_path/Frameworks",
				);
				MARKETING_VERSION = 1.0;
				PRODUCT_BUNDLE_IDENTIFIER = "com.Jobie.socialmedia-swift";
				PRODUCT_NAME = "$(TARGET_NAME)";
				SWIFT_EMIT_LOC_STRINGS = YES;
				SWIFT_VERSION = 5.0;
				TARGETED_DEVICE_FAMILY = "1,2";
			};
			name = Release;
		};
/* End XCBuildConfiguration section */

/* Begin XCConfigurationList section */
		6CC7FAF8298928AA009CCB33 /* Build configuration list for PBXProject "socialmedia_swift" */ = {
			isa = XCConfigurationList;
			buildConfigurations = (
				6CC7FB0F298928AC009CCB33 /* Debug */,
				6CC7FB10298928AC009CCB33 /* Release */,
			);
			defaultConfigurationIsVisible = 0;
			defaultConfigurationName = Release;
		};
		6CC7FB11298928AC009CCB33 /* Build configuration list for PBXNativeTarget "socialmedia_swift" */ = {
			isa = XCConfigurationList;
			buildConfigurations = (
				6CC7FB12298928AC009CCB33 /* Debug */,
				6CC7FB13298928AC009CCB33 /* Release */,
			);
			defaultConfigurationIsVisible = 0;
			defaultConfigurationName = Release;
		};
/* End XCConfigurationList section */

/* Begin XCRemoteSwiftPackageReference section */
		6C81F5EC298FE49B004D11BB /* XCRemoteSwiftPackageReference "firebase-ios-sdk" */ = {
			isa = XCRemoteSwiftPackageReference;
			repositoryURL = "https://github.com/firebase/firebase-ios-sdk";
			requirement = {
				kind = upToNextMinorVersion;
				minimumVersion = 9.6.0;
			};
		};
/* End XCRemoteSwiftPackageReference section */

/* Begin XCSwiftPackageProductDependency section */
		6C81F5ED298FE49B004D11BB /* FirebaseAuth */ = {
			isa = XCSwiftPackageProductDependency;
			package = 6C81F5EC298FE49B004D11BB /* XCRemoteSwiftPackageReference "firebase-ios-sdk" */;
			productName = FirebaseAuth;
		};
		6C81F5EF298FE49B004D11BB /* FirebaseAuthCombine-Community */ = {
			isa = XCSwiftPackageProductDependency;
			package = 6C81F5EC298FE49B004D11BB /* XCRemoteSwiftPackageReference "firebase-ios-sdk" */;
			productName = "FirebaseAuthCombine-Community";
		};
		6C81F5F1298FE49B004D11BB /* FirebaseDatabase */ = {
			isa = XCSwiftPackageProductDependency;
			package = 6C81F5EC298FE49B004D11BB /* XCRemoteSwiftPackageReference "firebase-ios-sdk" */;
			productName = FirebaseDatabase;
		};
		6C81F5F3298FE49B004D11BB /* FirebaseDatabaseSwift */ = {
			isa = XCSwiftPackageProductDependency;
			package = 6C81F5EC298FE49B004D11BB /* XCRemoteSwiftPackageReference "firebase-ios-sdk" */;
			productName = FirebaseDatabaseSwift;
		};
		6C81F5F5298FE49B004D11BB /* FirebaseFirestore */ = {
			isa = XCSwiftPackageProductDependency;
			package = 6C81F5EC298FE49B004D11BB /* XCRemoteSwiftPackageReference "firebase-ios-sdk" */;
			productName = FirebaseFirestore;
		};
		6C81F5F7298FE49B004D11BB /* FirebaseFirestoreCombine-Community */ = {
			isa = XCSwiftPackageProductDependency;
			package = 6C81F5EC298FE49B004D11BB /* XCRemoteSwiftPackageReference "firebase-ios-sdk" */;
			productName = "FirebaseFirestoreCombine-Community";
		};
		6C81F5F9298FE49B004D11BB /* FirebaseFirestoreSwift */ = {
			isa = XCSwiftPackageProductDependency;
			package = 6C81F5EC298FE49B004D11BB /* XCRemoteSwiftPackageReference "firebase-ios-sdk" */;
			productName = FirebaseFirestoreSwift;
		};
		6C81F5FB298FE49B004D11BB /* FirebaseStorage */ = {
			isa = XCSwiftPackageProductDependency;
			package = 6C81F5EC298FE49B004D11BB /* XCRemoteSwiftPackageReference "firebase-ios-sdk" */;
			productName = FirebaseStorage;
		};
		6C81F5FD298FE49B004D11BB /* FirebaseStorageCombine-Community */ = {
			isa = XCSwiftPackageProductDependency;
			package = 6C81F5EC298FE49B004D11BB /* XCRemoteSwiftPackageReference "firebase-ios-sdk" */;
			productName = "FirebaseStorageCombine-Community";
		};
/* End XCSwiftPackageProductDependency section */
	};
	rootObject = 6CC7FAF5298928AA009CCB33 /* Project object */;
}
